{
  "name": "dsh-wiki-web",
  "version": "0.1.0",
  "lockfileVersion": 3,
  "requires": true,
  "packages": {
    "": {
      "name": "dsh-wiki-web",
      "version": "0.1.0",
      "license": "MIT",
      "dependencies": {
        "dsh-plugin-wiki-tools": "file:../dsh-plugin-wiki-tools",
        "marked": "^12.0.0"
      },
      "bin": {
        "dsh-wiki-web": "server.js"
      },
      "engines": {
        "node": ">=22"
      }
    },
    "../dsh-plugin-wiki-tools": {
      "version": "0.14.2",
      "license": "MIT",
      "dependencies": {
        "yaml": "^2.8.0"
      },
      "devDependencies": {
        "@deepseek-ai/cordis": "^4.0.1",
        "@deepseek-ai/dsh-tools": "^0.0.1-rc.1",
        "@deepseek-ai/schemastery": "^3.18.1"
      },
      "engines": {
        "node": ">=22.19.0"
      },
      "peerDependencies": {
        "@deepseek-ai/cordis": "*",
        "@deepseek-ai/dsh-tools": "*",
        "@deepseek-ai/schemastery": "*"
      }
    },
    "node_modules/dsh-plugin-wiki-tools": {
      "resolved": "../dsh-plugin-wiki-tools",
      "link": true
    },
    "node_modules/marked": {
      "version": "12.0.2",
      "resolved": "https://registry.npmjs.org/marked/-/marked-12.0.2.tgz",
      "integrity": "sha512-qXUm7e/YKFoqFPYPa3Ukg9xlI5cyAtGmyEIzMfW//m6kXwCy2Ps9DYf5ioijFKQ8qyuscrHoY04iJGctu2Kg0Q==",
      "license": "MIT",
      "bin": {
        "marked": "bin/marked.js"
      },
      "engines": {
        "node": ">= 18"
      }
    }
  }
}
